// !$*UTF8*$!
{
	archiveVersion = 1;
	classes = {
	};
	objectVersion = 46;
	objects = {

/* Begin PBXBuildFile section */
		6E02DD321F556C8600C701D5 /* AppDelegate.swift in Sources */ = {isa = PBXBuildFile; fileRef = 6E02DD311F556C8600C701D5 /* AppDelegate.swift */; };
		6E02DD341F556C8600C701D5 /* ViewController.swift in Sources */ = {isa = PBXBuildFile; fileRef = 6E02DD331F556C8600C701D5 /* ViewController.swift */; };
		6E02DD371F556C8600C701D5 /* Main.storyboard in Resources */ = {isa = PBXBuildFile; fileRef = 6E02DD351F556C8600C701D5 /* Main.storyboard */; };
		6E02DD3C1F556C8600C701D5 /* Assets.xcassets in Resources */ = {isa = PBXBuildFile; fileRef = 6E02DD3B1F556C8600C701D5 /* Assets.xcassets */; };
		6E02DD3F1F556C8600C701D5 /* LaunchScreen.storyboard in Resources */ = {isa = PBXBuildFile; fileRef = 6E02DD3D1F556C8600C701D5 /* LaunchScreen.storyboard */; };
		6E02DD4A1F556C8600C701D5 /* ContactsTests.swift in Sources */ = {isa = PBXBuildFile; fileRef = 6E02DD491F556C8600C701D5 /* ContactsTests.swift */; };
		6E02DD551F556C8600C701D5 /* ContactsUITests.swift in Sources */ = {isa = PBXBuildFile; fileRef = 6E02DD541F556C8600C701D5 /* ContactsUITests.swift */; };
		6E02DD631F556D2B00C701D5 /* ContactsAPI.swift in Sources */ = {isa = PBXBuildFile; fileRef = 6E02DD621F556D2B00C701D5 /* ContactsAPI.swift */; };
		6E02DD651F5576C700C701D5 /* ContactsAPI+Constants.swift in Sources */ = {isa = PBXBuildFile; fileRef = 6E02DD641F5576C700C701D5 /* ContactsAPI+Constants.swift */; };
		6E02DD671F557BAF00C701D5 /* ContactsAPI+URLBuilder.swift in Sources */ = {isa = PBXBuildFile; fileRef = 6E02DD661F557BAF00C701D5 /* ContactsAPI+URLBuilder.swift */; };
		6E02DD691F5580FD00C701D5 /* ContactsTableViewController.swift in Sources */ = {isa = PBXBuildFile; fileRef = 6E02DD681F5580FD00C701D5 /* ContactsTableViewController.swift */; };
		6E02DD6C1F55818500C701D5 /* ContactTableViewCell.swift in Sources */ = {isa = PBXBuildFile; fileRef = 6E02DD6A1F55818500C701D5 /* ContactTableViewCell.swift */; };
		6E02DD6D1F55818500C701D5 /* ContactTableViewCell.xib in Resources */ = {isa = PBXBuildFile; fileRef = 6E02DD6B1F55818500C701D5 /* ContactTableViewCell.xib */; };
		6E02DD721F5644F700C701D5 /* String+DateFormatter.swift in Sources */ = {isa = PBXBuildFile; fileRef = 6E02DD711F5644F700C701D5 /* String+DateFormatter.swift */; };
		6E02DD741F56592900C701D5 /* EditContactTableViewController.swift in Sources */ = {isa = PBXBuildFile; fileRef = 6E02DD731F56592900C701D5 /* EditContactTableViewController.swift */; };
		6E02DD761F56636200C701D5 /* EditContact.storyboard in Resources */ = {isa = PBXBuildFile; fileRef = 6E02DD751F56636200C701D5 /* EditContact.storyboard */; };
		6E02DD781F5665EB00C701D5 /* ContactDetailTableViewController.swift in Sources */ = {isa = PBXBuildFile; fileRef = 6E02DD771F5665EB00C701D5 /* ContactDetailTableViewController.swift */; };
		6E0764901F56C1C2002C04D3 /* Contacts.xcdatamodel in Sources */ = {isa = PBXBuildFile; fileRef = 6E07648F1F56C1C2002C04D3 /* Contacts.xcdatamodel */; };
		6E0764931F56C1E3002C04D3 /* Contact.swift in Sources */ = {isa = PBXBuildFile; fileRef = 6E0764911F56C1E3002C04D3 /* Contact.swift */; };
		6E0764941F56C1E3002C04D3 /* Contact+CoreDataProperties.swift in Sources */ = {isa = PBXBuildFile; fileRef = 6E0764921F56C1E3002C04D3 /* Contact+CoreDataProperties.swift */; };
		6E11263D1F56A1350067E0D3 /* CoreDataStack.swift in Sources */ = {isa = PBXBuildFile; fileRef = 6E11263C1F56A1350067E0D3 /* CoreDataStack.swift */; };
/* End PBXBuildFile section */

/* Begin PBXContainerItemProxy section */
		6E02DD461F556C8600C701D5 /* PBXContainerItemProxy */ = {
			isa = PBXContainerItemProxy;
			containerPortal = 6E02DD261F556C8600C701D5 /* Project object */;
			proxyType = 1;
			remoteGlobalIDString = 6E02DD2D1F556C8600C701D5;
			remoteInfo = Contacts;
		};
		6E02DD511F556C8600C701D5 /* PBXContainerItemProxy */ = {
			isa = PBXContainerItemProxy;
			containerPortal = 6E02DD261F556C8600C701D5 /* Project object */;
			proxyType = 1;
			remoteGlobalIDString = 6E02DD2D1F556C8600C701D5;
			remoteInfo = Contacts;
		};
/* End PBXContainerItemProxy section */

/* Begin PBXFileReference section */
		6E02DD2E1F556C8600C701D5 /* Contacts.app */ = {isa = PBXFileReference; explicitFileType = wrapper.application; includeInIndex = 0; path = Contacts.app; sourceTree = BUILT_PRODUCTS_DIR; };
		6E02DD311F556C8600C701D5 /* AppDelegate.swift */ = {isa = PBXFileReference; lastKnownFileType = sourcecode.swift; path = AppDelegate.swift; sourceTree = "<group>"; };
		6E02DD331F556C8600C701D5 /* ViewController.swift */ = {isa = PBXFileReference; lastKnownFileType = sourcecode.swift; path = ViewController.swift; sourceTree = "<group>"; };
		6E02DD361F556C8600C701D5 /* Base */ = {isa = PBXFileReference; lastKnownFileType = file.storyboard; name = Base; path = Base.lproj/Main.storyboard; sourceTree = "<group>"; };
		6E02DD3B1F556C8600C701D5 /* Assets.xcassets */ = {isa = PBXFileReference; lastKnownFileType = folder.assetcatalog; path = Assets.xcassets; sourceTree = "<group>"; };
		6E02DD3E1F556C8600C701D5 /* Base */ = {isa = PBXFileReference; lastKnownFileType = file.storyboard; name = Base; path = Base.lproj/LaunchScreen.storyboard; sourceTree = "<group>"; };
		6E02DD401F556C8600C701D5 /* Info.plist */ = {isa = PBXFileReference; lastKnownFileType = text.plist.xml; path = Info.plist; sourceTree = "<group>"; };
		6E02DD451F556C8600C701D5 /* ContactsTests.xctest */ = {isa = PBXFileReference; explicitFileType = wrapper.cfbundle; includeInIndex = 0; path = ContactsTests.xctest; sourceTree = BUILT_PRODUCTS_DIR; };
		6E02DD491F556C8600C701D5 /* ContactsTests.swift */ = {isa = PBXFileReference; lastKnownFileType = sourcecode.swift; path = ContactsTests.swift; sourceTree = "<group>"; };
		6E02DD4B1F556C8600C701D5 /* Info.plist */ = {isa = PBXFileReference; lastKnownFileType = text.plist.xml; path = Info.plist; sourceTree = "<group>"; };
		6E02DD501F556C8600C701D5 /* ContactsUITests.xctest */ = {isa = PBXFileReference; explicitFileType = wrapper.cfbundle; includeInIndex = 0; path = ContactsUITests.xctest; sourceTree = BUILT_PRODUCTS_DIR; };
		6E02DD541F556C8600C701D5 /* ContactsUITests.swift */ = {isa = PBXFileReference; lastKnownFileType = sourcecode.swift; path = ContactsUITests.swift; sourceTree = "<group>"; };
		6E02DD561F556C8600C701D5 /* Info.plist */ = {isa = PBXFileReference; lastKnownFileType = text.plist.xml; path = Info.plist; sourceTree = "<group>"; };
		6E02DD621F556D2B00C701D5 /* ContactsAPI.swift */ = {isa = PBXFileReference; fileEncoding = 4; lastKnownFileType = sourcecode.swift; path = ContactsAPI.swift; sourceTree = "<group>"; };
		6E02DD641F5576C700C701D5 /* ContactsAPI+Constants.swift */ = {isa = PBXFileReference; fileEncoding = 4; lastKnownFileType = sourcecode.swift; path = "ContactsAPI+Constants.swift"; sourceTree = "<group>"; };
		6E02DD661F557BAF00C701D5 /* ContactsAPI+URLBuilder.swift */ = {isa = PBXFileReference; fileEncoding = 4; lastKnownFileType = sourcecode.swift; path = "ContactsAPI+URLBuilder.swift"; sourceTree = "<group>"; };
		6E02DD681F5580FD00C701D5 /* ContactsTableViewController.swift */ = {isa = PBXFileReference; fileEncoding = 4; lastKnownFileType = sourcecode.swift; path = ContactsTableViewController.swift; sourceTree = "<group>"; };
		6E02DD6A1F55818500C701D5 /* ContactTableViewCell.swift */ = {isa = PBXFileReference; fileEncoding = 4; lastKnownFileType = sourcecode.swift; path = ContactTableViewCell.swift; sourceTree = "<group>"; };
		6E02DD6B1F55818500C701D5 /* ContactTableViewCell.xib */ = {isa = PBXFileReference; fileEncoding = 4; lastKnownFileType = file.xib; path = ContactTableViewCell.xib; sourceTree = "<group>"; };
		6E02DD711F5644F700C701D5 /* String+DateFormatter.swift */ = {isa = PBXFileReference; fileEncoding = 4; lastKnownFileType = sourcecode.swift; path = "String+DateFormatter.swift"; sourceTree = "<group>"; };
		6E02DD731F56592900C701D5 /* EditContactTableViewController.swift */ = {isa = PBXFileReference; fileEncoding = 4; lastKnownFileType = sourcecode.swift; path = EditContactTableViewController.swift; sourceTree = "<group>"; };
		6E02DD751F56636200C701D5 /* EditContact.storyboard */ = {isa = PBXFileReference; fileEncoding = 4; lastKnownFileType = file.storyboard; path = EditContact.storyboard; sourceTree = "<group>"; };
		6E02DD771F5665EB00C701D5 /* ContactDetailTableViewController.swift */ = {isa = PBXFileReference; fileEncoding = 4; lastKnownFileType = sourcecode.swift; path = ContactDetailTableViewController.swift; sourceTree = "<group>"; };
		6E07648F1F56C1C2002C04D3 /* Contacts.xcdatamodel */ = {isa = PBXFileReference; lastKnownFileType = wrapper.xcdatamodel; path = Contacts.xcdatamodel; sourceTree = "<group>"; };
		6E0764911F56C1E3002C04D3 /* Contact.swift */ = {isa = PBXFileReference; fileEncoding = 4; lastKnownFileType = sourcecode.swift; path = Contact.swift; sourceTree = "<group>"; };
		6E0764921F56C1E3002C04D3 /* Contact+CoreDataProperties.swift */ = {isa = PBXFileReference; fileEncoding = 4; lastKnownFileType = sourcecode.swift; path = "Contact+CoreDataProperties.swift"; sourceTree = "<group>"; };
		6E11263C1F56A1350067E0D3 /* CoreDataStack.swift */ = {isa = PBXFileReference; fileEncoding = 4; lastKnownFileType = sourcecode.swift; path = CoreDataStack.swift; sourceTree = "<group>"; };
/* End PBXFileReference section */

/* Begin PBXFrameworksBuildPhase section */
		6E02DD2B1F556C8600C701D5 /* Frameworks */ = {
			isa = PBXFrameworksBuildPhase;
			buildActionMask = 2147483647;
			files = (
			);
			runOnlyForDeploymentPostprocessing = 0;
		};
		6E02DD421F556C8600C701D5 /* Frameworks */ = {
			isa = PBXFrameworksBuildPhase;
			buildActionMask = 2147483647;
			files = (
			);
			runOnlyForDeploymentPostprocessing = 0;
		};
		6E02DD4D1F556C8600C701D5 /* Frameworks */ = {
			isa = PBXFrameworksBuildPhase;
			buildActionMask = 2147483647;
			files = (
			);
			runOnlyForDeploymentPostprocessing = 0;
		};
/* End PBXFrameworksBuildPhase section */

/* Begin PBXGroup section */
		6E02DD251F556C8600C701D5 = {
			isa = PBXGroup;
			children = (
				6E02DD301F556C8600C701D5 /* Contacts */,
				6E02DD481F556C8600C701D5 /* ContactsTests */,
				6E02DD531F556C8600C701D5 /* ContactsUITests */,
				6E02DD2F1F556C8600C701D5 /* Products */,
			);
			sourceTree = "<group>";
		};
		6E02DD2F1F556C8600C701D5 /* Products */ = {
			isa = PBXGroup;
			children = (
				6E02DD2E1F556C8600C701D5 /* Contacts.app */,
				6E02DD451F556C8600C701D5 /* ContactsTests.xctest */,
				6E02DD501F556C8600C701D5 /* ContactsUITests.xctest */,
			);
			name = Products;
			sourceTree = "<group>";
		};
		6E02DD301F556C8600C701D5 /* Contacts */ = {
			isa = PBXGroup;
			children = (
				6E02DD311F556C8600C701D5 /* AppDelegate.swift */,
				6E02DD331F556C8600C701D5 /* ViewController.swift */,
				6E02DD771F5665EB00C701D5 /* ContactDetailTableViewController.swift */,
				6E02DD681F5580FD00C701D5 /* ContactsTableViewController.swift */,
				6E11264B1F56B1170067E0D3 /* EditContact */,
				6E1126421F56B0130067E0D3 /* Model */,
				6E02DD6E1F558BDE00C701D5 /* ContactsAPI */,
				6E02DD6A1F55818500C701D5 /* ContactTableViewCell.swift */,
				6E02DD711F5644F700C701D5 /* String+DateFormatter.swift */,
				6E02DD6B1F55818500C701D5 /* ContactTableViewCell.xib */,
				6E02DD351F556C8600C701D5 /* Main.storyboard */,
				6E02DD3D1F556C8600C701D5 /* LaunchScreen.storyboard */,
				6E02DD3B1F556C8600C701D5 /* Assets.xcassets */,
				6E02DD401F556C8600C701D5 /* Info.plist */,
			);
			path = Contacts;
			sourceTree = "<group>";
		};
		6E02DD481F556C8600C701D5 /* ContactsTests */ = {
			isa = PBXGroup;
			children = (
				6E02DD491F556C8600C701D5 /* ContactsTests.swift */,
				6E02DD4B1F556C8600C701D5 /* Info.plist */,
			);
			path = ContactsTests;
			sourceTree = "<group>";
		};
		6E02DD531F556C8600C701D5 /* ContactsUITests */ = {
			isa = PBXGroup;
			children = (
				6E02DD541F556C8600C701D5 /* ContactsUITests.swift */,
				6E02DD561F556C8600C701D5 /* Info.plist */,
			);
			path = ContactsUITests;
			sourceTree = "<group>";
		};
		6E02DD6E1F558BDE00C701D5 /* ContactsAPI */ = {
			isa = PBXGroup;
			children = (
				6E02DD621F556D2B00C701D5 /* ContactsAPI.swift */,
				6E02DD641F5576C700C701D5 /* ContactsAPI+Constants.swift */,
				6E02DD661F557BAF00C701D5 /* ContactsAPI+URLBuilder.swift */,
			);
			name = ContactsAPI;
			sourceTree = "<group>";
		};
		6E1126421F56B0130067E0D3 /* Model */ = {
			isa = PBXGroup;
			children = (
				6E0764911F56C1E3002C04D3 /* Contact.swift */,
				6E0764921F56C1E3002C04D3 /* Contact+CoreDataProperties.swift */,
				6E11263C1F56A1350067E0D3 /* CoreDataStack.swift */,
				6E07648F1F56C1C2002C04D3 /* Contacts.xcdatamodel */,
			);
			name = Model;
			sourceTree = "<group>";
		};
		6E11264B1F56B1170067E0D3 /* EditContact */ = {
			isa = PBXGroup;
			children = (
				6E02DD731F56592900C701D5 /* EditContactTableViewController.swift */,
				6E02DD751F56636200C701D5 /* EditContact.storyboard */,
			);
			name = EditContact;
			sourceTree = "<group>";
		};
/* End PBXGroup section */

/* Begin PBXNativeTarget section */
		6E02DD2D1F556C8600C701D5 /* Contacts */ = {
			isa = PBXNativeTarget;
			buildConfigurationList = 6E02DD591F556C8600C701D5 /* Build configuration list for PBXNativeTarget "Contacts" */;
			buildPhases = (
				6E02DD2A1F556C8600C701D5 /* Sources */,
				6E02DD2B1F556C8600C701D5 /* Frameworks */,
				6E02DD2C1F556C8600C701D5 /* Resources */,
			);
			buildRules = (
			);
			dependencies = (
			);
			name = Contacts;
			productName = Contacts;
			productReference = 6E02DD2E1F556C8600C701D5 /* Contacts.app */;
			productType = "com.apple.product-type.application";
		};
		6E02DD441F556C8600C701D5 /* ContactsTests */ = {
			isa = PBXNativeTarget;
			buildConfigurationList = 6E02DD5C1F556C8600C701D5 /* Build configuration list for PBXNativeTarget "ContactsTests" */;
			buildPhases = (
				6E02DD411F556C8600C701D5 /* Sources */,
				6E02DD421F556C8600C701D5 /* Frameworks */,
				6E02DD431F556C8600C701D5 /* Resources */,
			);
			buildRules = (
			);
			dependencies = (
				6E02DD471F556C8600C701D5 /* PBXTargetDependency */,
			);
			name = ContactsTests;
			productName = ContactsTests;
			productReference = 6E02DD451F556C8600C701D5 /* ContactsTests.xctest */;
			productType = "com.apple.product-type.bundle.unit-test";
		};
		6E02DD4F1F556C8600C701D5 /* ContactsUITests */ = {
			isa = PBXNativeTarget;
			buildConfigurationList = 6E02DD5F1F556C8600C701D5 /* Build configuration list for PBXNativeTarget "ContactsUITests" */;
			buildPhases = (
				6E02DD4C1F556C8600C701D5 /* Sources */,
				6E02DD4D1F556C8600C701D5 /* Frameworks */,
				6E02DD4E1F556C8600C701D5 /* Resources */,
			);
			buildRules = (
			);
			dependencies = (
				6E02DD521F556C8600C701D5 /* PBXTargetDependency */,
			);
			name = ContactsUITests;
			productName = ContactsUITests;
			productReference = 6E02DD501F556C8600C701D5 /* ContactsUITests.xctest */;
			productType = "com.apple.product-type.bundle.ui-testing";
		};
/* End PBXNativeTarget section */

/* Begin PBXProject section */
		6E02DD261F556C8600C701D5 /* Project object */ = {
			isa = PBXProject;
			attributes = {
				LastSwiftUpdateCheck = 0830;
				LastUpgradeCheck = 0830;
				ORGANIZATIONNAME = "Zulwiyoza Putra";
				TargetAttributes = {
					6E02DD2D1F556C8600C701D5 = {
						CreatedOnToolsVersion = 8.3.3;
						DevelopmentTeam = 44VVQHZS45;
						ProvisioningStyle = Automatic;
					};
					6E02DD441F556C8600C701D5 = {
						CreatedOnToolsVersion = 8.3.3;
						DevelopmentTeam = 44VVQHZS45;
						ProvisioningStyle = Automatic;
						TestTargetID = 6E02DD2D1F556C8600C701D5;
					};
					6E02DD4F1F556C8600C701D5 = {
						CreatedOnToolsVersion = 8.3.3;
						DevelopmentTeam = 44VVQHZS45;
						ProvisioningStyle = Automatic;
						TestTargetID = 6E02DD2D1F556C8600C701D5;
					};
				};
			};
			buildConfigurationList = 6E02DD291F556C8600C701D5 /* Build configuration list for PBXProject "Contacts" */;
			compatibilityVersion = "Xcode 3.2";
			developmentRegion = English;
			hasScannedForEncodings = 0;
			knownRegions = (
				en,
				Base,
			);
			mainGroup = 6E02DD251F556C8600C701D5;
			productRefGroup = 6E02DD2F1F556C8600C701D5 /* Products */;
			projectDirPath = "";
			projectRoot = "";
			targets = (
				6E02DD2D1F556C8600C701D5 /* Contacts */,
				6E02DD441F556C8600C701D5 /* ContactsTests */,
				6E02DD4F1F556C8600C701D5 /* ContactsUITests */,
			);
		};
/* End PBXProject section */

/* Begin PBXResourcesBuildPhase section */
		6E02DD2C1F556C8600C701D5 /* Resources */ = {
			isa = PBXResourcesBuildPhase;
			buildActionMask = 2147483647;
			files = (
				6E02DD6D1F55818500C701D5 /* ContactTableViewCell.xib in Resources */,
				6E02DD3F1F556C8600C701D5 /* LaunchScreen.storyboard in Resources */,
				6E02DD3C1F556C8600C701D5 /* Assets.xcassets in Resources */,
				6E02DD761F56636200C701D5 /* EditContact.storyboard in Resources */,
				6E02DD371F556C8600C701D5 /* Main.storyboard in Resources */,
			);
			runOnlyForDeploymentPostprocessing = 0;
		};
		6E02DD431F556C8600C701D5 /* Resources */ = {
			isa = PBXResourcesBuildPhase;
			buildActionMask = 2147483647;
			files = (
			);
			runOnlyForDeploymentPostprocessing = 0;
		};
		6E02DD4E1F556C8600C701D5 /* Resources */ = {
			isa = PBXResourcesBuildPhase;
			buildActionMask = 2147483647;
			files = (
			);
			runOnlyForDeploymentPostprocessing = 0;
		};
/* End PBXResourcesBuildPhase section */

/* Begin PBXSourcesBuildPhase section */
		6E02DD2A1F556C8600C701D5 /* Sources */ = {
			isa = PBXSourcesBuildPhase;
			buildActionMask = 2147483647;
			files = (
				6E02DD341F556C8600C701D5 /* ViewController.swift in Sources */,
				6E02DD741F56592900C701D5 /* EditContactTableViewController.swift in Sources */,
				6E0764941F56C1E3002C04D3 /* Contact+CoreDataProperties.swift in Sources */,
				6E02DD781F5665EB00C701D5 /* ContactDetailTableViewController.swift in Sources */,
				6E02DD721F5644F700C701D5 /* String+DateFormatter.swift in Sources */,
				6E02DD651F5576C700C701D5 /* ContactsAPI+Constants.swift in Sources */,
				6E11263D1F56A1350067E0D3 /* CoreDataStack.swift in Sources */,
				6E02DD631F556D2B00C701D5 /* ContactsAPI.swift in Sources */,
				6E0764901F56C1C2002C04D3 /* Contacts.xcdatamodel in Sources */,
				6E02DD671F557BAF00C701D5 /* ContactsAPI+URLBuilder.swift in Sources */,
				6E0764931F56C1E3002C04D3 /* Contact.swift in Sources */,
				6E02DD6C1F55818500C701D5 /* ContactTableViewCell.swift in Sources */,
				6E02DD321F556C8600C701D5 /* AppDelegate.swift in Sources */,
				6E02DD691F5580FD00C701D5 /* ContactsTableViewController.swift in Sources */,
			);
			runOnlyForDeploymentPostprocessing = 0;
		};
		6E02DD411F556C8600C701D5 /* Sources */ = {
			isa = PBXSourcesBuildPhase;
			buildActionMask = 2147483647;
			files = (
				6E02DD4A1F556C8600C701D5 /* ContactsTests.swift in Sources */,
			);
			runOnlyForDeploymentPostprocessing = 0;
		};
		6E02DD4C1F556C8600C701D5 /* Sources */ = {
			isa = PBXSourcesBuildPhase;
			buildActionMask = 2147483647;
			files = (
				6E02DD551F556C8600C701D5 /* ContactsUITests.swift in Sources */,
			);
			runOnlyForDeploymentPostprocessing = 0;
		};
/* End PBXSourcesBuildPhase section */

/* Begin PBXTargetDependency section */
		6E02DD471F556C8600C701D5 /* PBXTargetDependency */ = {
			isa = PBXTargetDependency;
			target = 6E02DD2D1F556C8600C701D5 /* Contacts */;
			targetProxy = 6E02DD461F556C8600C701D5 /* PBXContainerItemProxy */;
		};
		6E02DD521F556C8600C701D5 /* PBXTargetDependency */ = {
			isa = PBXTargetDependency;
			target = 6E02DD2D1F556C8600C701D5 /* Contacts */;
			targetProxy = 6E02DD511F556C8600C701D5 /* PBXContainerItemProxy */;
		};
/* End PBXTargetDependency section */

/* Begin PBXVariantGroup section */
		6E02DD351F556C8600C701D5 /* Main.storyboard */ = {
			isa = PBXVariantGroup;
			children = (
				6E02DD361F556C8600C701D5 /* Base */,
			);
			name = Main.storyboard;
			sourceTree = "<group>";
		};
		6E02DD3D1F556C8600C701D5 /* LaunchScreen.storyboard */ = {
			isa = PBXVariantGroup;
			children = (
				6E02DD3E1F556C8600C701D5 /* Base */,
			);
			name = LaunchScreen.storyboard;
			sourceTree = "<group>";
		};
/* End PBXVariantGroup section */

/* Begin XCBuildConfiguration section */
		6E02DD571F556C8600C701D5 /* Debug */ = {
			isa = XCBuildConfiguration;
			buildSettings = {
				ALWAYS_SEARCH_USER_PATHS = NO;
				CLANG_ANALYZER_NONNULL = YES;
				CLANG_ANALYZER_NUMBER_OBJECT_CONVERSION = YES_AGGRESSIVE;
				CLANG_CXX_LANGUAGE_STANDARD = "gnu++0x";
				CLANG_CXX_LIBRARY = "libc++";
				CLANG_ENABLE_MODULES = YES;
				CLANG_ENABLE_OBJC_ARC = YES;
				CLANG_WARN_BOOL_CONVERSION = YES;
				CLANG_WARN_CONSTANT_CONVERSION = YES;
				CLANG_WARN_DIRECT_OBJC_ISA_USAGE = YES_ERROR;
				CLANG_WARN_DOCUMENTATION_COMMENTS = YES;
				CLANG_WARN_EMPTY_BODY = YES;
				CLANG_WARN_ENUM_CONVERSION = YES;
				CLANG_WARN_INFINITE_RECURSION = YES;
				CLANG_WARN_INT_CONVERSION = YES;
				CLANG_WARN_OBJC_ROOT_CLASS = YES_ERROR;
				CLANG_WARN_SUSPICIOUS_MOVE = YES;
				CLANG_WARN_UNREACHABLE_CODE = YES;
				CLANG_WARN__DUPLICATE_METHOD_MATCH = YES;
				"CODE_SIGN_IDENTITY[sdk=iphoneos*]" = "iPhone Developer";
				COPY_PHASE_STRIP = NO;
				DEBUG_INFORMATION_FORMAT = dwarf;
				ENABLE_STRICT_OBJC_MSGSEND = YES;
				ENABLE_TESTABILITY = YES;
				GCC_C_LANGUAGE_STANDARD = gnu99;
				GCC_DYNAMIC_NO_PIC = NO;
				GCC_NO_COMMON_BLOCKS = YES;
				GCC_OPTIMIZATION_LEVEL = 0;
				GCC_PREPROCESSOR_DEFINITIONS = (
					"DEBUG=1",
					"$(inherited)",
				);
				GCC_WARN_64_TO_32_BIT_CONVERSION = YES;
				GCC_WARN_ABOUT_RETURN_TYPE = YES_ERROR;
				GCC_WARN_UNDECLARED_SELECTOR = YES;
				GCC_WARN_UNINITIALIZED_AUTOS = YES_AGGRESSIVE;
				GCC_WARN_UNUSED_FUNCTION = YES;
				GCC_WARN_UNUSED_VARIABLE = YES;
				IPHONEOS_DEPLOYMENT_TARGET = 10.3;
				MTL_ENABLE_DEBUG_INFO = YES;
				ONLY_ACTIVE_ARCH = YES;
				SDKROOT = iphoneos;
				SWIFT_ACTIVE_COMPILATION_CONDITIONS = DEBUG;
				SWIFT_OPTIMIZATION_LEVEL = "-Onone";
			};
			name = Debug;
		};
		6E02DD581F556C8600C701D5 /* Release */ = {
			isa = XCBuildConfiguration;
			buildSettings = {
				ALWAYS_SEARCH_USER_PATHS = NO;
				CLANG_ANALYZER_NONNULL = YES;
				CLANG_ANALYZER_NUMBER_OBJECT_CONVERSION = YES_AGGRESSIVE;
				CLANG_CXX_LANGUAGE_STANDARD = "gnu++0x";
				CLANG_CXX_LIBRARY = "libc++";
				CLANG_ENABLE_MODULES = YES;
				CLANG_ENABLE_OBJC_ARC = YES;
				CLANG_WARN_BOOL_CONVERSION = YES;
				CLANG_WARN_CONSTANT_CONVERSION = YES;
				CLANG_WARN_DIRECT_OBJC_ISA_USAGE = YES_ERROR;
				CLANG_WARN_DOCUMENTATION_COMMENTS = YES;
				CLANG_WARN_EMPTY_BODY = YES;
				CLANG_WARN_ENUM_CONVERSION = YES;
				CLANG_WARN_INFINITE_RECURSION = YES;
				CLANG_WARN_INT_CONVERSION = YES;
				CLANG_WARN_OBJC_ROOT_CLASS = YES_ERROR;
				CLANG_WARN_SUSPICIOUS_MOVE = YES;
				CLANG_WARN_UNREACHABLE_CODE = YES;
				CLANG_WARN__DUPLICATE_METHOD_MATCH = YES;
				"CODE_SIGN_IDENTITY[sdk=iphoneos*]" = "iPhone Developer";
				COPY_PHASE_STRIP = NO;
				DEBUG_INFORMATION_FORMAT = "dwarf-with-dsym";
				ENABLE_NS_ASSERTIONS = NO;
				ENABLE_STRICT_OBJC_MSGSEND = YES;
				GCC_C_LANGUAGE_STANDARD = gnu99;
				GCC_NO_COMMON_BLOCKS = YES;
				GCC_WARN_64_TO_32_BIT_CONVERSION = YES;
				GCC_WARN_ABOUT_RETURN_TYPE = YES_ERROR;
				GCC_WARN_UNDECLARED_SELECTOR = YES;
				GCC_WARN_UNINITIALIZED_AUTOS = YES_AGGRESSIVE;
				GCC_WARN_UNUSED_FUNCTION = YES;
				GCC_WARN_UNUSED_VARIABLE = YES;
				IPHONEOS_DEPLOYMENT_TARGET = 10.3;
				MTL_ENABLE_DEBUG_INFO = NO;
				SDKROOT = iphoneos;
				SWIFT_OPTIMIZATION_LEVEL = "-Owholemodule";
				VALIDATE_PRODUCT = YES;
			};
			name = Release;
		};
		6E02DD5A1F556C8600C701D5 /* Debug */ = {
			isa = XCBuildConfiguration;
			buildSettings = {
				ASSETCATALOG_COMPILER_APPICON_NAME = AppIcon;
				DEVELOPMENT_TEAM = 44VVQHZS45;
				INFOPLIST_FILE = Contacts/Info.plist;
				LD_RUNPATH_SEARCH_PATHS = "$(inherited) @executable_path/Frameworks";
				PRODUCT_BUNDLE_IDENTIFIER = com.zulwiyozaputra.Contacts;
				PRODUCT_NAME = "$(TARGET_NAME)";
				SWIFT_VERSION = 3.0;
			};
			name = Debug;
		};
		6E02DD5B1F556C8600C701D5 /* Release */ = {
			isa = XCBuildConfiguration;
			buildSettings = {
				ASSETCATALOG_COMPILER_APPICON_NAME = AppIcon;
				DEVELOPMENT_TEAM = 44VVQHZS45;
				INFOPLIST_FILE = Contacts/Info.plist;
				LD_RUNPATH_SEARCH_PATHS = "$(inherited) @executable_path/Frameworks";
				PRODUCT_BUNDLE_IDENTIFIER = com.zulwiyozaputra.Contacts;
				PRODUCT_NAME = "$(TARGET_NAME)";
				SWIFT_VERSION = 3.0;
			};
			name = Release;
		};
		6E02DD5D1F556C8600C701D5 /* Debug */ = {
			isa = XCBuildConfiguration;
			buildSettings = {
				ALWAYS_EMBED_SWIFT_STANDARD_LIBRARIES = YES;
				BUNDLE_LOADER = "$(TEST_HOST)";
				DEVELOPMENT_TEAM = 44VVQHZS45;
				INFOPLIST_FILE = ContactsTests/Info.plist;
				LD_RUNPATH_SEARCH_PATHS = "$(inherited) @executable_path/Frameworks @loader_path/Frameworks";
				PRODUCT_BUNDLE_IDENTIFIER = com.zulwiyozaputra.ContactsTests;
				PRODUCT_NAME = "$(TARGET_NAME)";
				SWIFT_VERSION = 3.0;
				TEST_HOST = "$(BUILT_PRODUCTS_DIR)/Contacts.app/Contacts";
			};
			name = Debug;
		};
		6E02DD5E1F556C8600C701D5 /* Release */ = {
			isa = XCBuildConfiguration;
			buildSettings = {
				ALWAYS_EMBED_SWIFT_STANDARD_LIBRARIES = YES;
				BUNDLE_LOADER = "$(TEST_HOST)";
				DEVELOPMENT_TEAM = 44VVQHZS45;
				INFOPLIST_FILE = ContactsTests/Info.plist;
				LD_RUNPATH_SEARCH_PATHS = "$(inherited) @executable_path/Frameworks @loader_path/Frameworks";
				PRODUCT_BUNDLE_IDENTIFIER = com.zulwiyozaputra.ContactsTests;
				PRODUCT_NAME = "$(TARGET_NAME)";
				SWIFT_VERSION = 3.0;
				TEST_HOST = "$(BUILT_PRODUCTS_DIR)/Contacts.app/Contacts";
			};
			name = Release;
		};
		6E02DD601F556C8600C701D5 /* Debug */ = {
			isa = XCBuildConfiguration;
			buildSettings = {
				ALWAYS_EMBED_SWIFT_STANDARD_LIBRARIES = YES;
				DEVELOPMENT_TEAM = 44VVQHZS45;
				INFOPLIST_FILE = ContactsUITests/Info.plist;
				LD_RUNPATH_SEARCH_PATHS = "$(inherited) @executable_path/Frameworks @loader_path/Frameworks";
				PRODUCT_BUNDLE_IDENTIFIER = com.zulwiyozaputra.ContactsUITests;
				PRODUCT_NAME = "$(TARGET_NAME)";
				SWIFT_VERSION = 3.0;
				TEST_TARGET_NAME = Contacts;
			};
			name = Debug;
		};
		6E02DD611F556C8600C701D5 /* Release */ = {
			isa = XCBuildConfiguration;
			buildSettings = {
				ALWAYS_EMBED_SWIFT_STANDARD_LIBRARIES = YES;
				DEVELOPMENT_TEAM = 44VVQHZS45;
				INFOPLIST_FILE = ContactsUITests/Info.plist;
				LD_RUNPATH_SEARCH_PATHS = "$(inherited) @executable_path/Frameworks @loader_path/Frameworks";
				PRODUCT_BUNDLE_IDENTIFIER = com.zulwiyozaputra.ContactsUITests;
				PRODUCT_NAME = "$(TARGET_NAME)";
				SWIFT_VERSION = 3.0;
				TEST_TARGET_NAME = Contacts;
			};
			name = Release;
		};
/* End XCBuildConfiguration section */

/* Begin XCConfigurationList section */
		6E02DD291F556C8600C701D5 /* Build configuration list for PBXProject "Contacts" */ = {
			isa = XCConfigurationList;
			buildConfigurations = (
				6E02DD571F556C8600C701D5 /* Debug */,
				6E02DD581F556C8600C701D5 /* Release */,
			);
			defaultConfigurationIsVisible = 0;
			defaultConfigurationName = Release;
		};
		6E02DD591F556C8600C701D5 /* Build configuration list for PBXNativeTarget "Contacts" */ = {
			isa = XCConfigurationList;
			buildConfigurations = (
				6E02DD5A1F556C8600C701D5 /* Debug */,
				6E02DD5B1F556C8600C701D5 /* Release */,
			);
			defaultConfigurationIsVisible = 0;
			defaultConfigurationName = Release;
		};
		6E02DD5C1F556C8600C701D5 /* Build configuration list for PBXNativeTarget "ContactsTests" */ = {
			isa = XCConfigurationList;
			buildConfigurations = (
				6E02DD5D1F556C8600C701D5 /* Debug */,
				6E02DD5E1F556C8600C701D5 /* Release */,
			);
			defaultConfigurationIsVisible = 0;
			defaultConfigurationName = Release;
		};
		6E02DD5F1F556C8600C701D5 /* Build configuration list for PBXNativeTarget "ContactsUITests" */ = {
			isa = XCConfigurationList;
			buildConfigurations = (
				6E02DD601F556C8600C701D5 /* Debug */,
				6E02DD611F556C8600C701D5 /* Release */,
			);
			defaultConfigurationIsVisible = 0;
			defaultConfigurationName = Release;
		};
/* End XCConfigurationList section */
	};
	rootObject = 6E02DD261F556C8600C701D5 /* Project object */;
}
